
Microsoft Visual Studio Solution File, Format Version 12.00
# Visual Studio Version 16
VisualStudioVersion = 16.0.29806.167
MinimumVisualStudioVersion = 10.0.40219.1
Project("{FAE04EC0-301F-11D3-BF4B-00C04F79EFBC}") = "JosephusProblem", "JosephusProblem\JosephusProblem.csproj", "{6987EBFA-35C7-4879-BEE7-0500030D0A8F}"
EndProject
Project("{FAE04EC0-301F-11D3-BF4B-00C04F79EFBC}") = "JosephusProblem.Tests", "JosephusProblem.Tests\JosephusProblem.Tests.csproj", "{58D89EDF-7ABA-4DAE-9D85-978599B72C72}"
EndProject
Global
	GlobalSection(SolutionConfigurationPlatforms) = preSolution
		Debug|Any CPU = Debug|Any CPU
		Release|Any CPU = Release|Any CPU
	EndGlobalSection
	GlobalSection(ProjectConfigurationPlatforms) = postSolution
		{6987EBFA-35C7-4879-BEE7-0500030D0A8F}.Debug|Any CPU.ActiveCfg = Debug|Any CPU
		{6987EBFA-35C7-4879-BEE7-0500030D0A8F}.Debug|Any CPU.Build.0 = Debug|Any CPU
		{6987EBFA-35C7-4879-BEE7-0500030D0A8F}.Release|Any CPU.ActiveCfg = Release|Any CPU
		{6987EBFA-35C7-4879-BEE7-0500030D0A8F}.Release|Any CPU.Build.0 = Release|Any CPU
		{58D89EDF-7ABA-4DAE-9D85-978599B72C72}.Debug|Any CPU.ActiveCfg = Debug|Any CPU
		{58D89EDF-7ABA-4DAE-9D85-978599B72C72}.Debug|Any CPU.Build.0 = Debug|Any CPU
		{58D89EDF-7ABA-4DAE-9D85-978599B72C72}.Release|Any CPU.ActiveCfg = Release|Any CPU
		{58D89EDF-7ABA-4DAE-9D85-978599B72C72}.Release|Any CPU.Build.0 = Release|Any CPU
	EndGlobalSection
	GlobalSection(SolutionProperties) = preSolution
		HideSolutionNode = FALSE
	EndGlobalSection
	GlobalSection(ExtensibilityGlobals) = postSolution
		SolutionGuid = {199E5EB8-9C68-4BE5-BE3B-177FACA6C087}
	EndGlobalSection
EndGlobal
